PODS:
  - Firebase/Auth (4.0.4):
    - Firebase/Core
    - FirebaseAuth (= 4.0.0)
  - Firebase/Core (4.0.4):
    - FirebaseAnalytics (= 4.0.2)
    - FirebaseCore (= 4.0.4)
  - FirebaseAnalytics (4.0.2):
    - FirebaseCore (~> 4.0)
    - FirebaseInstanceID (~> 2.0)
    - GoogleToolboxForMac/NSData+zlib (~> 2.1)
  - FirebaseAuth (4.0.0):
    - FirebaseAnalytics (~> 4.0)
    - GoogleToolboxForMac/NSDictionary+URLArguments (~> 2.1)
    - GTMSessionFetcher/Core (~> 1.1)
  - FirebaseCore (4.0.4):
    - GoogleToolboxForMac/NSData+zlib (~> 2.1)
    - nanopb (~> 0.3)
  - FirebaseInstanceID (2.0.0):
    - FirebaseCore (~> 4.0)
  - GoogleToolboxForMac/DebugUtils (2.1.1):
    - GoogleToolboxForMac/Defines (= 2.1.1)
  - GoogleToolboxForMac/Defines (2.1.1)
  - GoogleToolboxForMac/NSData+zlib (2.1.1):
    - GoogleToolboxForMac/Defines (= 2.1.1)
  - GoogleToolboxForMac/NSDictionary+URLArguments (2.1.1):
    - GoogleToolboxForMac/DebugUtils (= 2.1.1)
    - GoogleToolboxForMac/Defines (= 2.1.1)
    - GoogleToolboxForMac/NSString+URLArguments (= 2.1.1)
  - GoogleToolboxForMac/NSString+URLArguments (2.1.1)
  - GTMSessionFetcher/Core (1.1.11)
  - nanopb (0.3.8):
    - nanopb/decode (= 0.3.8)
    - nanopb/encode (= 0.3.8)
  - nanopb/decode (0.3.8)
  - nanopb/encode (0.3.8)

DEPENDENCIES:
  - Firebase/Auth
  - Firebase/Core

SPEC CHECKSUMS:
  Firebase: 1492bf04e1b73a7353b4fb2cf5a20bac9692f341
  FirebaseAnalytics: ad41720e3e67fc63fbe3d2948d3e26932a8de311
  FirebaseAuth: ebb6abcbabae00fc47446d690c19ce68d8484fde
  FirebaseCore: cfc042628ef9f20debe09c0eb683135fcd404cb4
  FirebaseInstanceID: 9fbf536668f4d3f0880e7438456dabd1376e294b
  GoogleToolboxForMac: 8e329f1b599f2512c6b10676d45736bcc2cbbeb0
  GTMSessionFetcher: 5ad62e8200fa00ed011fe5e08d27fef72c5b1429
  nanopb: 5601e6bca2dbf1ed831b519092ec110f66982ca3

PODFILE CHECKSUM: 2574f82c4282f8c933e2140981eca41aa63d89be

COCOAPODS: 1.2.0
